
Microsoft Visual Studio Solution File, Format Version 12.00
# Visual Studio Version 16
VisualStudioVersion = 16.0.29806.167
MinimumVisualStudioVersion = 10.0.40219.1
Project("{FAE04EC0-301F-11D3-BF4B-00C04F79EFBC}") = "RemoteMonitor", "RemoteMonitor\RemoteMonitor.csproj", "{B3631F89-032F-47EB-AF54-6920FAA896AE}"
EndProject
Project("{FAE04EC0-301F-11D3-BF4B-00C04F79EFBC}") = "GlobalClass", "GlobalClass\GlobalClass.csproj", "{CF582F5F-13FD-4705-9F04-C4153FE745FE}"
EndProject
Project("{FAE04EC0-301F-11D3-BF4B-00C04F79EFBC}") = "MGOA_Pack", "ObjPack\MGOA_Pack.csproj", "{B1E174B5-3B7B-4AEE-BD18-EE7BF1C42181}"
EndProject
Project("{FAE04EC0-301F-11D3-BF4B-00C04F79EFBC}") = "ViewPack", "ViewPack\ViewPack.csproj", "{A23C4493-ACB5-484E-99A1-E0692097E09F}"
EndProject
Project("{FAE04EC0-301F-11D3-BF4B-00C04F79EFBC}") = "DemoPack", "DemoPack\DemoPack.csproj", "{6323AEB6-CB97-47DB-B4CD-B8DBF0B625CC}"
EndProject
Project("{FAE04EC0-301F-11D3-BF4B-00C04F79EFBC}") = "HistoryPack", "HistoryPack\HistoryPack.csproj", "{C8DFDE7E-6FA4-49C8-A5AF-DAD6A236643C}"
EndProject
Project("{FAE04EC0-301F-11D3-BF4B-00C04F79EFBC}") = "ProtocolPack", "ProtocolPack\ProtocolPack.csproj", "{C964398C-72F3-44C8-A7A6-0CED63D9F159}"
EndProject
Project("{FAE04EC0-301F-11D3-BF4B-00C04F79EFBC}") = "History_Pack", "History_Pack\History_Pack.csproj", "{9ECA97B7-78FA-4FBC-A116-A051A6BB4AEF}"
EndProject
Project("{FAE04EC0-301F-11D3-BF4B-00C04F79EFBC}") = "Kenel32Pack", "Kenel32Pack\Kenel32Pack.csproj", "{AC84ACBF-CB70-440D-A985-0CD0D149AF65}"
EndProject
Project("{FAE04EC0-301F-11D3-BF4B-00C04F79EFBC}") = "Settings", "Settings\Settings.csproj", "{D613B52D-CCC9-4E0A-884C-322E13FADDE0}"
EndProject
Project("{2150E333-8FDC-42A3-9474-1A3956D46DE8}") = "01 主程序", "01 主程序", "{44D724D1-45FC-4E45-8D67-D756B4A3A532}"
EndProject
Project("{2150E333-8FDC-42A3-9474-1A3956D46DE8}") = "02 基础设施", "02 基础设施", "{2377415A-8B4A-4E94-8FEC-805A232D1BEA}"
EndProject
Project("{2150E333-8FDC-42A3-9474-1A3956D46DE8}") = "03 协议族", "03 协议族", "{D8115840-7BE1-42F6-98DC-95CFC50971CE}"
EndProject
Global
	GlobalSection(SolutionConfigurationPlatforms) = preSolution
		Debug|Any CPU = Debug|Any CPU
		Release|Any CPU = Release|Any CPU
	EndGlobalSection
	GlobalSection(ProjectConfigurationPlatforms) = postSolution
		{B3631F89-032F-47EB-AF54-6920FAA896AE}.Debug|Any CPU.ActiveCfg = Debug|Any CPU
		{B3631F89-032F-47EB-AF54-6920FAA896AE}.Debug|Any CPU.Build.0 = Debug|Any CPU
		{B3631F89-032F-47EB-AF54-6920FAA896AE}.Release|Any CPU.ActiveCfg = Release|Any CPU
		{B3631F89-032F-47EB-AF54-6920FAA896AE}.Release|Any CPU.Build.0 = Release|Any CPU
		{CF582F5F-13FD-4705-9F04-C4153FE745FE}.Debug|Any CPU.ActiveCfg = Debug|Any CPU
		{CF582F5F-13FD-4705-9F04-C4153FE745FE}.Debug|Any CPU.Build.0 = Debug|Any CPU
		{CF582F5F-13FD-4705-9F04-C4153FE745FE}.Release|Any CPU.ActiveCfg = Release|Any CPU
		{CF582F5F-13FD-4705-9F04-C4153FE745FE}.Release|Any CPU.Build.0 = Release|Any CPU
		{B1E174B5-3B7B-4AEE-BD18-EE7BF1C42181}.Debug|Any CPU.ActiveCfg = Debug|Any CPU
		{B1E174B5-3B7B-4AEE-BD18-EE7BF1C42181}.Debug|Any CPU.Build.0 = Debug|Any CPU
		{B1E174B5-3B7B-4AEE-BD18-EE7BF1C42181}.Release|Any CPU.ActiveCfg = Release|Any CPU
		{B1E174B5-3B7B-4AEE-BD18-EE7BF1C42181}.Release|Any CPU.Build.0 = Release|Any CPU
		{A23C4493-ACB5-484E-99A1-E0692097E09F}.Debug|Any CPU.ActiveCfg = Debug|Any CPU
		{A23C4493-ACB5-484E-99A1-E0692097E09F}.Debug|Any CPU.Build.0 = Debug|Any CPU
		{A23C4493-ACB5-484E-99A1-E0692097E09F}.Release|Any CPU.ActiveCfg = Release|Any CPU
		{A23C4493-ACB5-484E-99A1-E0692097E09F}.Release|Any CPU.Build.0 = Release|Any CPU
		{6323AEB6-CB97-47DB-B4CD-B8DBF0B625CC}.Debug|Any CPU.ActiveCfg = Debug|Any CPU
		{6323AEB6-CB97-47DB-B4CD-B8DBF0B625CC}.Debug|Any CPU.Build.0 = Debug|Any CPU
		{6323AEB6-CB97-47DB-B4CD-B8DBF0B625CC}.Release|Any CPU.ActiveCfg = Release|Any CPU
		{6323AEB6-CB97-47DB-B4CD-B8DBF0B625CC}.Release|Any CPU.Build.0 = Release|Any CPU
		{C8DFDE7E-6FA4-49C8-A5AF-DAD6A236643C}.Debug|Any CPU.ActiveCfg = Debug|Any CPU
		{C8DFDE7E-6FA4-49C8-A5AF-DAD6A236643C}.Debug|Any CPU.Build.0 = Debug|Any CPU
		{C8DFDE7E-6FA4-49C8-A5AF-DAD6A236643C}.Release|Any CPU.ActiveCfg = Release|Any CPU
		{C8DFDE7E-6FA4-49C8-A5AF-DAD6A236643C}.Release|Any CPU.Build.0 = Release|Any CPU
		{C964398C-72F3-44C8-A7A6-0CED63D9F159}.Debug|Any CPU.ActiveCfg = Debug|Any CPU
		{C964398C-72F3-44C8-A7A6-0CED63D9F159}.Debug|Any CPU.Build.0 = Debug|Any CPU
		{C964398C-72F3-44C8-A7A6-0CED63D9F159}.Release|Any CPU.ActiveCfg = Release|Any CPU
		{C964398C-72F3-44C8-A7A6-0CED63D9F159}.Release|Any CPU.Build.0 = Release|Any CPU
		{9ECA97B7-78FA-4FBC-A116-A051A6BB4AEF}.Debug|Any CPU.ActiveCfg = Debug|Any CPU
		{9ECA97B7-78FA-4FBC-A116-A051A6BB4AEF}.Debug|Any CPU.Build.0 = Debug|Any CPU
		{9ECA97B7-78FA-4FBC-A116-A051A6BB4AEF}.Release|Any CPU.ActiveCfg = Release|Any CPU
		{9ECA97B7-78FA-4FBC-A116-A051A6BB4AEF}.Release|Any CPU.Build.0 = Release|Any CPU
		{AC84ACBF-CB70-440D-A985-0CD0D149AF65}.Debug|Any CPU.ActiveCfg = Debug|Any CPU
		{AC84ACBF-CB70-440D-A985-0CD0D149AF65}.Debug|Any CPU.Build.0 = Debug|Any CPU
		{AC84ACBF-CB70-440D-A985-0CD0D149AF65}.Release|Any CPU.ActiveCfg = Release|Any CPU
		{AC84ACBF-CB70-440D-A985-0CD0D149AF65}.Release|Any CPU.Build.0 = Release|Any CPU
		{D613B52D-CCC9-4E0A-884C-322E13FADDE0}.Debug|Any CPU.ActiveCfg = Debug|Any CPU
		{D613B52D-CCC9-4E0A-884C-322E13FADDE0}.Debug|Any CPU.Build.0 = Debug|Any CPU
		{D613B52D-CCC9-4E0A-884C-322E13FADDE0}.Release|Any CPU.ActiveCfg = Release|Any CPU
		{D613B52D-CCC9-4E0A-884C-322E13FADDE0}.Release|Any CPU.Build.0 = Release|Any CPU
	EndGlobalSection
	GlobalSection(SolutionProperties) = preSolution
		HideSolutionNode = FALSE
	EndGlobalSection
	GlobalSection(NestedProjects) = preSolution
		{B3631F89-032F-47EB-AF54-6920FAA896AE} = {44D724D1-45FC-4E45-8D67-D756B4A3A532}
		{CF582F5F-13FD-4705-9F04-C4153FE745FE} = {2377415A-8B4A-4E94-8FEC-805A232D1BEA}
		{B1E174B5-3B7B-4AEE-BD18-EE7BF1C42181} = {D8115840-7BE1-42F6-98DC-95CFC50971CE}
		{A23C4493-ACB5-484E-99A1-E0692097E09F} = {D8115840-7BE1-42F6-98DC-95CFC50971CE}
		{6323AEB6-CB97-47DB-B4CD-B8DBF0B625CC} = {D8115840-7BE1-42F6-98DC-95CFC50971CE}
		{C8DFDE7E-6FA4-49C8-A5AF-DAD6A236643C} = {D8115840-7BE1-42F6-98DC-95CFC50971CE}
		{C964398C-72F3-44C8-A7A6-0CED63D9F159} = {D8115840-7BE1-42F6-98DC-95CFC50971CE}
		{9ECA97B7-78FA-4FBC-A116-A051A6BB4AEF} = {D8115840-7BE1-42F6-98DC-95CFC50971CE}
		{AC84ACBF-CB70-440D-A985-0CD0D149AF65} = {D8115840-7BE1-42F6-98DC-95CFC50971CE}
		{D613B52D-CCC9-4E0A-884C-322E13FADDE0} = {44D724D1-45FC-4E45-8D67-D756B4A3A532}
	EndGlobalSection
	GlobalSection(ExtensibilityGlobals) = postSolution
		SolutionGuid = {ABA398EC-0401-4929-B29E-030ECD5F8AFF}
	EndGlobalSection
EndGlobal
